
Microsoft Visual Studio Solution File, Format Version 12.00
# Visual Studio Version 17
VisualStudioVersion = 17.0.31717.71
MinimumVisualStudioVersion = 10.0.40219.1
Project("{FAE04EC0-301F-11D3-BF4B-00C04F79EFBC}") = "LearningToHack", "ConsoleApp2\LearningToHack.csproj", "{346380DB-2591-47EA-A0EB-08B878443865}"
EndProject
Global
	GlobalSection(SolutionConfigurationPlatforms) = preSolution
		Debug|Any CPU = Debug|Any CPU
		Release|Any CPU = Release|Any CPU
	EndGlobalSection
	GlobalSection(ProjectConfigurationPlatforms) = postSolution
		{346380DB-2591-47EA-A0EB-08B878443865}.Debug|Any CPU.ActiveCfg = Debug|Any CPU
		{346380DB-2591-47EA-A0EB-08B878443865}.Debug|Any CPU.Build.0 = Debug|Any CPU
		{346380DB-2591-47EA-A0EB-08B878443865}.Release|Any CPU.ActiveCfg = Release|Any CPU
		{346380DB-2591-47EA-A0EB-08B878443865}.Release|Any CPU.Build.0 = Release|Any CPU
	EndGlobalSection
	GlobalSection(SolutionProperties) = preSolution
		HideSolutionNode = FALSE
	EndGlobalSection
	GlobalSection(ExtensibilityGlobals) = postSolution
		SolutionGuid = {98FB4670-739D-4F3A-8C07-5157F68835DA}
	EndGlobalSection
EndGlobal
